
Microsoft Visual Studio Solution File, Format Version 12.00
# Visual Studio Version 17
VisualStudioVersion = 17.14.36518.9 d17.14
MinimumVisualStudioVersion = 10.0.40219.1
Project("{FAE04EC0-301F-11D3-BF4B-00C04F79EFBC}") = "BroadcastSocialMedia", "BroadcastSocialMedia\BroadcastSocialMedia.csproj", "{5D6EC4FB-A16E-4B55-AB48-D6E20F0F40B2}"
EndProject
Global
	GlobalSection(SolutionConfigurationPlatforms) = preSolution
		Debug|Any CPU = Debug|Any CPU
		Release|Any CPU = Release|Any CPU
	EndGlobalSection
	GlobalSection(ProjectConfigurationPlatforms) = postSolution
		{5D6EC4FB-A16E-4B55-AB48-D6E20F0F40B2}.Debug|Any CPU.ActiveCfg = Debug|Any CPU
		{5D6EC4FB-A16E-4B55-AB48-D6E20F0F40B2}.Debug|Any CPU.Build.0 = Debug|Any CPU
		{5D6EC4FB-A16E-4B55-AB48-D6E20F0F40B2}.Release|Any CPU.ActiveCfg = Release|Any CPU
		{5D6EC4FB-A16E-4B55-AB48-D6E20F0F40B2}.Release|Any CPU.Build.0 = Release|Any CPU
	EndGlobalSection
	GlobalSection(SolutionProperties) = preSolution
		HideSolutionNode = FALSE
	EndGlobalSection
	GlobalSection(ExtensibilityGlobals) = postSolution
		SolutionGuid = {1B49D136-ED86-4E17-8CD4-EF6ECF530056}
	EndGlobalSection
EndGlobal
